
Microsoft Visual Studio Solution File, Format Version 12.00
# Visual Studio Version 16
VisualStudioVersion = 16.0.29318.209
MinimumVisualStudioVersion = 10.0.40219.1
Project("{FAE04EC0-301F-11D3-BF4B-00C04F79EFBC}") = "AspNetCore.HeaderLoggingMiddleware", "AspNetCore.HeaderLoggingMiddleware\AspNetCore.HeaderLoggingMiddleware.csproj", "{369E8AEB-5F99-4D84-94B4-38624CA5731C}"
EndProject
Global
	GlobalSection(SolutionConfigurationPlatforms) = preSolution
		Debug|Any CPU = Debug|Any CPU
		Release|Any CPU = Release|Any CPU
	EndGlobalSection
	GlobalSection(ProjectConfigurationPlatforms) = postSolution
		{369E8AEB-5F99-4D84-94B4-38624CA5731C}.Debug|Any CPU.ActiveCfg = Debug|Any CPU
		{369E8AEB-5F99-4D84-94B4-38624CA5731C}.Debug|Any CPU.Build.0 = Debug|Any CPU
		{369E8AEB-5F99-4D84-94B4-38624CA5731C}.Release|Any CPU.ActiveCfg = Release|Any CPU
		{369E8AEB-5F99-4D84-94B4-38624CA5731C}.Release|Any CPU.Build.0 = Release|Any CPU
	EndGlobalSection
	GlobalSection(SolutionProperties) = preSolution
		HideSolutionNode = FALSE
	EndGlobalSection
	GlobalSection(ExtensibilityGlobals) = postSolution
		SolutionGuid = {D9299719-D68E-4A9A-A615-41AED3C858E7}
	EndGlobalSection
EndGlobal
